{
    "name": "redpipe-flow",
    "version": "1.0.3",
    "lockfileVersion": 3,
    "requires": true,
    "packages": {
        "": {
            "name": "redpipe-flow",
            "version": "1.0.3",
            "license": "CC0-1.0",
            "dependencies": {
                "redpipe": "^1.0.3"
            }
        },
        "node_modules/redpipe": {
            "version": "1.0.3",
            "resolved": "https://registry.npmjs.org/redpipe/-/redpipe-1.0.3.tgz",
            "integrity": "sha512-8bhgMewbCXMhOwM6Bah67zABSCSAi0RhncaxqrgL6F1bpmmyAQwLkYfe6WNjYfxEpqVEZ/I+7PDKVAu+u1KWIw==",
            "license": "CC0-1.0"
        }
    }
}
